
Microsoft Visual Studio Solution File, Format Version 12.00
# Visual Studio Version 16
VisualStudioVersion = 16.0.29926.136
MinimumVisualStudioVersion = 10.0.40219.1
Project("{FAE04EC0-301F-11D3-BF4B-00C04F79EFBC}") = "PDFProcessor", "PDFSplitter\PDFProcessor.csproj", "{D88E1C59-BC7F-4B65-B4DF-BE735DD18848}"
EndProject
Global
	GlobalSection(SolutionConfigurationPlatforms) = preSolution
		Debug|Any CPU = Debug|Any CPU
		Release|Any CPU = Release|Any CPU
	EndGlobalSection
	GlobalSection(ProjectConfigurationPlatforms) = postSolution
		{D88E1C59-BC7F-4B65-B4DF-BE735DD18848}.Debug|Any CPU.ActiveCfg = Debug|Any CPU
		{D88E1C59-BC7F-4B65-B4DF-BE735DD18848}.Debug|Any CPU.Build.0 = Debug|Any CPU
		{D88E1C59-BC7F-4B65-B4DF-BE735DD18848}.Release|Any CPU.ActiveCfg = Release|Any CPU
		{D88E1C59-BC7F-4B65-B4DF-BE735DD18848}.Release|Any CPU.Build.0 = Release|Any CPU
	EndGlobalSection
	GlobalSection(SolutionProperties) = preSolution
		HideSolutionNode = FALSE
	EndGlobalSection
	GlobalSection(ExtensibilityGlobals) = postSolution
		SolutionGuid = {B991BA9A-1305-429E-9120-B6796973BB31}
	EndGlobalSection
EndGlobal
